{
    "_readme": [
        "This file locks the dependencies of your project to a known state",
        "Read more about it at https://getcomposer.org/doc/01-basic-usage.md#installing-dependencies",
        "This file is @generated automatically"
    ],
    "content-hash": "bc7a3f42970f747b1df010347f75f9ae",
    "packages": [
        {
            "name": "peroks/model",
            "version": "1.0.0",
            "dist": {
                "type": "path",
                "url": "../model",
                "reference": "e1a60a128d99e5f60509ec6aaee3ed623d6c6105"
            },
            "require": {
                "php": "^8.1"
            },
            "require-dev": {
                "phpunit/phpunit": "^10"
            },
            "suggest": {
                "peroks/model-store": "Permanent data store for models"
            },
            "type": "library",
            "autoload": {
                "psr-4": {
                    "Peroks\\Model\\": "src/"
                }
            },
            "scripts": {
                "model-test": [
                    "./vendor/bin/phpunit tests"
                ]
            },
            "license": [
                "MIT"
            ],
            "authors": [
                {
                    "name": "Per Egil Roksvaag",
                    "homepage": "https://github.com/peroks"
                }
            ],
            "description": "Models: Classes with built-in data validation",
            "keywords": [
                "arrayobject",
                "data-validation",
                "json",
                "rest-api"
            ],
            "transport-options": {
                "relative": true
            }
        }
    ],
    "packages-dev": [],
    "aliases": [],
    "minimum-stability": "stable",
    "stability-flags": [],
    "prefer-stable": false,
    "prefer-lowest": false,
    "platform": {
        "php": "^8.1"
    },
    "platform-dev": [],
    "plugin-api-version": "2.3.0"
}
